// !$*UTF8*$!
{
	archiveVersion = 1;
	classes = {
	};
	objectVersion = 50;
	objects = {

/* Begin PBXBuildFile section */
		5D78D54D23CE5771009555C5 /* Notizen+CoreDataClass.swift in Sources */ = {isa = PBXBuildFile; fileRef = 5D78D54B23CE5771009555C5 /* Notizen+CoreDataClass.swift */; };
		5D78D54E23CE5771009555C5 /* Notizen+CoreDataProperties.swift in Sources */ = {isa = PBXBuildFile; fileRef = 5D78D54C23CE5771009555C5 /* Notizen+CoreDataProperties.swift */; };
		5D78D54F23CE58D1009555C5 /* Notizbuch.xcdatamodeld in Resources */ = {isa = PBXBuildFile; fileRef = 5DC5CF1B23CBBA7F0080AF5D /* Notizbuch.xcdatamodeld */; };
		5DC5CF1323CBBA7F0080AF5D /* AppDelegate.swift in Sources */ = {isa = PBXBuildFile; fileRef = 5DC5CF1223CBBA7F0080AF5D /* AppDelegate.swift */; };
		5DC5CF1523CBBA7F0080AF5D /* SceneDelegate.swift in Sources */ = {isa = PBXBuildFile; fileRef = 5DC5CF1423CBBA7F0080AF5D /* SceneDelegate.swift */; };
		5DC5CF1723CBBA7F0080AF5D /* ViewController.swift in Sources */ = {isa = PBXBuildFile; fileRef = 5DC5CF1623CBBA7F0080AF5D /* ViewController.swift */; };
		5DC5CF1A23CBBA7F0080AF5D /* Main.storyboard in Resources */ = {isa = PBXBuildFile; fileRef = 5DC5CF1823CBBA7F0080AF5D /* Main.storyboard */; };
		5DC5CF1F23CBBA820080AF5D /* Assets.xcassets in Resources */ = {isa = PBXBuildFile; fileRef = 5DC5CF1E23CBBA820080AF5D /* Assets.xcassets */; };
		5DC5CF2223CBBA820080AF5D /* LaunchScreen.storyboard in Resources */ = {isa = PBXBuildFile; fileRef = 5DC5CF2023CBBA820080AF5D /* LaunchScreen.storyboard */; };
/* End PBXBuildFile section */

/* Begin PBXFileReference section */
		5D78D54B23CE5771009555C5 /* Notizen+CoreDataClass.swift */ = {isa = PBXFileReference; lastKnownFileType = sourcecode.swift; path = "Notizen+CoreDataClass.swift"; sourceTree = "<group>"; };
		5D78D54C23CE5771009555C5 /* Notizen+CoreDataProperties.swift */ = {isa = PBXFileReference; lastKnownFileType = sourcecode.swift; path = "Notizen+CoreDataProperties.swift"; sourceTree = "<group>"; };
		5DC5CF0F23CBBA7F0080AF5D /* Notizbuch.app */ = {isa = PBXFileReference; explicitFileType = wrapper.application; includeInIndex = 0; path = Notizbuch.app; sourceTree = BUILT_PRODUCTS_DIR; };
		5DC5CF1223CBBA7F0080AF5D /* AppDelegate.swift */ = {isa = PBXFileReference; lastKnownFileType = sourcecode.swift; path = AppDelegate.swift; sourceTree = "<group>"; };
		5DC5CF1423CBBA7F0080AF5D /* SceneDelegate.swift */ = {isa = PBXFileReference; lastKnownFileType = sourcecode.swift; path = SceneDelegate.swift; sourceTree = "<group>"; };
		5DC5CF1623CBBA7F0080AF5D /* ViewController.swift */ = {isa = PBXFileReference; lastKnownFileType = sourcecode.swift; path = ViewController.swift; sourceTree = "<group>"; };
		5DC5CF1923CBBA7F0080AF5D /* Base */ = {isa = PBXFileReference; lastKnownFileType = file.storyboard; name = Base; path = Base.lproj/Main.storyboard; sourceTree = "<group>"; };
		5DC5CF1C23CBBA7F0080AF5D /* Notizbuch.xcdatamodel */ = {isa = PBXFileReference; lastKnownFileType = wrapper.xcdatamodel; path = Notizbuch.xcdatamodel; sourceTree = "<group>"; };
		5DC5CF1E23CBBA820080AF5D /* Assets.xcassets */ = {isa = PBXFileReference; lastKnownFileType = folder.assetcatalog; path = Assets.xcassets; sourceTree = "<group>"; };
		5DC5CF2123CBBA820080AF5D /* Base */ = {isa = PBXFileReference; lastKnownFileType = file.storyboard; name = Base; path = Base.lproj/LaunchScreen.storyboard; sourceTree = "<group>"; };
		5DC5CF2323CBBA820080AF5D /* Info.plist */ = {isa = PBXFileReference; lastKnownFileType = text.plist.xml; path = Info.plist; sourceTree = "<group>"; };
/* End PBXFileReference section */

/* Begin PBXFrameworksBuildPhase section */
		5DC5CF0C23CBBA7F0080AF5D /* Frameworks */ = {
			isa = PBXFrameworksBuildPhase;
			buildActionMask = 2147483647;
			files = (
			);
			runOnlyForDeploymentPostprocessing = 0;
		};
/* End PBXFrameworksBuildPhase section */

/* Begin PBXGroup section */
		5DC5CF0623CBBA7F0080AF5D = {
			isa = PBXGroup;
			children = (
				5D78D54B23CE5771009555C5 /* Notizen+CoreDataClass.swift */,
				5D78D54C23CE5771009555C5 /* Notizen+CoreDataProperties.swift */,
				5DC5CF1123CBBA7F0080AF5D /* Notizbuch */,
				5DC5CF1023CBBA7F0080AF5D /* Products */,
			);
			sourceTree = "<group>";
		};
		5DC5CF1023CBBA7F0080AF5D /* Products */ = {
			isa = PBXGroup;
			children = (
				5DC5CF0F23CBBA7F0080AF5D /* Notizbuch.app */,
			);
			name = Products;
			sourceTree = "<group>";
		};
		5DC5CF1123CBBA7F0080AF5D /* Notizbuch */ = {
			isa = PBXGroup;
			children = (
				5DC5CF1223CBBA7F0080AF5D /* AppDelegate.swift */,
				5DC5CF1423CBBA7F0080AF5D /* SceneDelegate.swift */,
				5DC5CF1623CBBA7F0080AF5D /* ViewController.swift */,
				5DC5CF1823CBBA7F0080AF5D /* Main.storyboard */,
				5DC5CF1E23CBBA820080AF5D /* Assets.xcassets */,
				5DC5CF2023CBBA820080AF5D /* LaunchScreen.storyboard */,
				5DC5CF2323CBBA820080AF5D /* Info.plist */,
				5DC5CF1B23CBBA7F0080AF5D /* Notizbuch.xcdatamodeld */,
			);
			path = Notizbuch;
			sourceTree = "<group>";
		};
/* End PBXGroup section */

/* Begin PBXNativeTarget section */
		5DC5CF0E23CBBA7F0080AF5D /* Notizbuch */ = {
			isa = PBXNativeTarget;
			buildConfigurationList = 5DC5CF2623CBBA820080AF5D /* Build configuration list for PBXNativeTarget "Notizbuch" */;
			buildPhases = (
				5DC5CF0B23CBBA7F0080AF5D /* Sources */,
				5DC5CF0C23CBBA7F0080AF5D /* Frameworks */,
				5DC5CF0D23CBBA7F0080AF5D /* Resources */,
			);
			buildRules = (
			);
			dependencies = (
			);
			name = Notizbuch;
			productName = Notizbuch;
			productReference = 5DC5CF0F23CBBA7F0080AF5D /* Notizbuch.app */;
			productType = "com.apple.product-type.application";
		};
/* End PBXNativeTarget section */

/* Begin PBXProject section */
		5DC5CF0723CBBA7F0080AF5D /* Project object */ = {
			isa = PBXProject;
			attributes = {
				LastSwiftUpdateCheck = 1130;
				LastUpgradeCheck = 1130;
				ORGANIZATIONNAME = "Magnus Kruschwitz";
				TargetAttributes = {
					5DC5CF0E23CBBA7F0080AF5D = {
						CreatedOnToolsVersion = 11.3;
					};
				};
			};
			buildConfigurationList = 5DC5CF0A23CBBA7F0080AF5D /* Build configuration list for PBXProject "Notizbuch" */;
			compatibilityVersion = "Xcode 9.3";
			developmentRegion = en;
			hasScannedForEncodings = 0;
			knownRegions = (
				en,
				Base,
			);
			mainGroup = 5DC5CF0623CBBA7F0080AF5D;
			productRefGroup = 5DC5CF1023CBBA7F0080AF5D /* Products */;
			projectDirPath = "";
			projectRoot = "";
			targets = (
				5DC5CF0E23CBBA7F0080AF5D /* Notizbuch */,
			);
		};
/* End PBXProject section */

/* Begin PBXResourcesBuildPhase section */
		5DC5CF0D23CBBA7F0080AF5D /* Resources */ = {
			isa = PBXResourcesBuildPhase;
			buildActionMask = 2147483647;
			files = (
				5D78D54F23CE58D1009555C5 /* Notizbuch.xcdatamodeld in Resources */,
				5DC5CF2223CBBA820080AF5D /* LaunchScreen.storyboard in Resources */,
				5DC5CF1F23CBBA820080AF5D /* Assets.xcassets in Resources */,
				5DC5CF1A23CBBA7F0080AF5D /* Main.storyboard in Resources */,
			);
			runOnlyForDeploymentPostprocessing = 0;
		};
/* End PBXResourcesBuildPhase section */

/* Begin PBXSourcesBuildPhase section */
		5DC5CF0B23CBBA7F0080AF5D /* Sources */ = {
			isa = PBXSourcesBuildPhase;
			buildActionMask = 2147483647;
			files = (
				5D78D54E23CE5771009555C5 /* Notizen+CoreDataProperties.swift in Sources */,
				5D78D54D23CE5771009555C5 /* Notizen+CoreDataClass.swift in Sources */,
				5DC5CF1723CBBA7F0080AF5D /* ViewController.swift in Sources */,
				5DC5CF1323CBBA7F0080AF5D /* AppDelegate.swift in Sources */,
				5DC5CF1523CBBA7F0080AF5D /* SceneDelegate.swift in Sources */,
			);
			runOnlyForDeploymentPostprocessing = 0;
		};
/* End PBXSourcesBuildPhase section */

/* Begin PBXVariantGroup section */
		5DC5CF1823CBBA7F0080AF5D /* Main.storyboard */ = {
			isa = PBXVariantGroup;
			children = (
				5DC5CF1923CBBA7F0080AF5D /* Base */,
			);
			name = Main.storyboard;
			sourceTree = "<group>";
		};
		5DC5CF2023CBBA820080AF5D /* LaunchScreen.storyboard */ = {
			isa = PBXVariantGroup;
			children = (
				5DC5CF2123CBBA820080AF5D /* Base */,
			);
			name = LaunchScreen.storyboard;
			sourceTree = "<group>";
		};
/* End PBXVariantGroup section */

/* Begin XCBuildConfiguration section */
		5DC5CF2423CBBA820080AF5D /* Debug */ = {
			isa = XCBuildConfiguration;
			buildSettings = {
				ALWAYS_SEARCH_USER_PATHS = NO;
				CLANG_ANALYZER_NONNULL = YES;
				CLANG_ANALYZER_NUMBER_OBJECT_CONVERSION = YES_AGGRESSIVE;
				CLANG_CXX_LANGUAGE_STANDARD = "gnu++14";
				CLANG_CXX_LIBRARY = "libc++";
				CLANG_ENABLE_MODULES = YES;
				CLANG_ENABLE_OBJC_ARC = YES;
				CLANG_ENABLE_OBJC_WEAK = YES;
				CLANG_WARN_BLOCK_CAPTURE_AUTORELEASING = YES;
				CLANG_WARN_BOOL_CONVERSION = YES;
				CLANG_WARN_COMMA = YES;
				CLANG_WARN_CONSTANT_CONVERSION = YES;
				CLANG_WARN_DEPRECATED_OBJC_IMPLEMENTATIONS = YES;
				CLANG_WARN_DIRECT_OBJC_ISA_USAGE = YES_ERROR;
				CLANG_WARN_DOCUMENTATION_COMMENTS = YES;
				CLANG_WARN_EMPTY_BODY = YES;
				CLANG_WARN_ENUM_CONVERSION = YES;
				CLANG_WARN_INFINITE_RECURSION = YES;
				CLANG_WARN_INT_CONVERSION = YES;
				CLANG_WARN_NON_LITERAL_NULL_CONVERSION = YES;
				CLANG_WARN_OBJC_IMPLICIT_RETAIN_SELF = YES;
				CLANG_WARN_OBJC_LITERAL_CONVERSION = YES;
				CLANG_WARN_OBJC_ROOT_CLASS = YES_ERROR;
				CLANG_WARN_RANGE_LOOP_ANALYSIS = YES;
				CLANG_WARN_STRICT_PROTOTYPES = YES;
				CLANG_WARN_SUSPICIOUS_MOVE = YES;
				CLANG_WARN_UNGUARDED_AVAILABILITY = YES_AGGRESSIVE;
				CLANG_WARN_UNREACHABLE_CODE = YES;
				CLANG_WARN__DUPLICATE_METHOD_MATCH = YES;
				COPY_PHASE_STRIP = NO;
				DEBUG_INFORMATION_FORMAT = dwarf;
				ENABLE_STRICT_OBJC_MSGSEND = YES;
				ENABLE_TESTABILITY = YES;
				GCC_C_LANGUAGE_STANDARD = gnu11;
				GCC_DYNAMIC_NO_PIC = NO;
				GCC_NO_COMMON_BLOCKS = YES;
				GCC_OPTIMIZATION_LEVEL = 0;
				GCC_PREPROCESSOR_DEFINITIONS = (
					"DEBUG=1",
					"$(inherited)",
				);
				GCC_WARN_64_TO_32_BIT_CONVERSION = YES;
				GCC_WARN_ABOUT_RETURN_TYPE = YES_ERROR;
				GCC_WARN_UNDECLARED_SELECTOR = YES;
				GCC_WARN_UNINITIALIZED_AUTOS = YES_AGGRESSIVE;
				GCC_WARN_UNUSED_FUNCTION = YES;
				GCC_WARN_UNUSED_VARIABLE = YES;
				IPHONEOS_DEPLOYMENT_TARGET = 13.2;
				MTL_ENABLE_DEBUG_INFO = INCLUDE_SOURCE;
				MTL_FAST_MATH = YES;
				ONLY_ACTIVE_ARCH = YES;
				SDKROOT = iphoneos;
				SWIFT_ACTIVE_COMPILATION_CONDITIONS = DEBUG;
				SWIFT_OPTIMIZATION_LEVEL = "-Onone";
			};
			name = Debug;
		};
		5DC5CF2523CBBA820080AF5D /* Release */ = {
			isa = XCBuildConfiguration;
			buildSettings = {
				ALWAYS_SEARCH_USER_PATHS = NO;
				CLANG_ANALYZER_NONNULL = YES;
				CLANG_ANALYZER_NUMBER_OBJECT_CONVERSION = YES_AGGRESSIVE;
				CLANG_CXX_LANGUAGE_STANDARD = "gnu++14";
				CLANG_CXX_LIBRARY = "libc++";
				CLANG_ENABLE_MODULES = YES;
				CLANG_ENABLE_OBJC_ARC = YES;
				CLANG_ENABLE_OBJC_WEAK = YES;
				CLANG_WARN_BLOCK_CAPTURE_AUTORELEASING = YES;
				CLANG_WARN_BOOL_CONVERSION = YES;
				CLANG_WARN_COMMA = YES;
				CLANG_WARN_CONSTANT_CONVERSION = YES;
				CLANG_WARN_DEPRECATED_OBJC_IMPLEMENTATIONS = YES;
				CLANG_WARN_DIRECT_OBJC_ISA_USAGE = YES_ERROR;
				CLANG_WARN_DOCUMENTATION_COMMENTS = YES;
				CLANG_WARN_EMPTY_BODY = YES;
				CLANG_WARN_ENUM_CONVERSION = YES;
				CLANG_WARN_INFINITE_RECURSION = YES;
				CLANG_WARN_INT_CONVERSION = YES;
				CLANG_WARN_NON_LITERAL_NULL_CONVERSION = YES;
				CLANG_WARN_OBJC_IMPLICIT_RETAIN_SELF = YES;
				CLANG_WARN_OBJC_LITERAL_CONVERSION = YES;
				CLANG_WARN_OBJC_ROOT_CLASS = YES_ERROR;
				CLANG_WARN_RANGE_LOOP_ANALYSIS = YES;
				CLANG_WARN_STRICT_PROTOTYPES = YES;
				CLANG_WARN_SUSPICIOUS_MOVE = YES;
				CLANG_WARN_UNGUARDED_AVAILABILITY = YES_AGGRESSIVE;
				CLANG_WARN_UNREACHABLE_CODE = YES;
				CLANG_WARN__DUPLICATE_METHOD_MATCH = YES;
				COPY_PHASE_STRIP = NO;
				DEBUG_INFORMATION_FORMAT = "dwarf-with-dsym";
				ENABLE_NS_ASSERTIONS = NO;
				ENABLE_STRICT_OBJC_MSGSEND = YES;
				GCC_C_LANGUAGE_STANDARD = gnu11;
				GCC_NO_COMMON_BLOCKS = YES;
				GCC_WARN_64_TO_32_BIT_CONVERSION = YES;
				GCC_WARN_ABOUT_RETURN_TYPE = YES_ERROR;
				GCC_WARN_UNDECLARED_SELECTOR = YES;
				GCC_WARN_UNINITIALIZED_AUTOS = YES_AGGRESSIVE;
				GCC_WARN_UNUSED_FUNCTION = YES;
				GCC_WARN_UNUSED_VARIABLE = YES;
				IPHONEOS_DEPLOYMENT_TARGET = 13.2;
				MTL_ENABLE_DEBUG_INFO = NO;
				MTL_FAST_MATH = YES;
				SDKROOT = iphoneos;
				SWIFT_COMPILATION_MODE = wholemodule;
				SWIFT_OPTIMIZATION_LEVEL = "-O";
				VALIDATE_PRODUCT = YES;
			};
			name = Release;
		};
		5DC5CF2723CBBA820080AF5D /* Debug */ = {
			isa = XCBuildConfiguration;
			buildSettings = {
				ASSETCATALOG_COMPILER_APPICON_NAME = AppIcon;
				CODE_SIGN_STYLE = Automatic;
				INFOPLIST_FILE = Notizbuch/Info.plist;
				LD_RUNPATH_SEARCH_PATHS = (
					"$(inherited)",
					"@executable_path/Frameworks",
				);
				PRODUCT_BUNDLE_IDENTIFIER = Fernstudium.Notizbuch;
				PRODUCT_NAME = "$(TARGET_NAME)";
				SWIFT_VERSION = 5.0;
				TARGETED_DEVICE_FAMILY = "1,2";
			};
			name = Debug;
		};
		5DC5CF2823CBBA820080AF5D /* Release */ = {
			isa = XCBuildConfiguration;
			buildSettings = {
				ASSETCATALOG_COMPILER_APPICON_NAME = AppIcon;
				CODE_SIGN_STYLE = Automatic;
				INFOPLIST_FILE = Notizbuch/Info.plist;
				LD_RUNPATH_SEARCH_PATHS = (
					"$(inherited)",
					"@executable_path/Frameworks",
				);
				PRODUCT_BUNDLE_IDENTIFIER = Fernstudium.Notizbuch;
				PRODUCT_NAME = "$(TARGET_NAME)";
				SWIFT_VERSION = 5.0;
				TARGETED_DEVICE_FAMILY = "1,2";
			};
			name = Release;
		};
/* End XCBuildConfiguration section */

/* Begin XCConfigurationList section */
		5DC5CF0A23CBBA7F0080AF5D /* Build configuration list for PBXProject "Notizbuch" */ = {
			isa = XCConfigurationList;
			buildConfigurations = (
				5DC5CF2423CBBA820080AF5D /* Debug */,
				5DC5CF2523CBBA820080AF5D /* Release */,
			);
			defaultConfigurationIsVisible = 0;
			defaultConfigurationName = Release;
		};
		5DC5CF2623CBBA820080AF5D /* Build configuration list for PBXNativeTarget "Notizbuch" */ = {
			isa = XCConfigurationList;
			buildConfigurations = (
				5DC5CF2723CBBA820080AF5D /* Debug */,
				5DC5CF2823CBBA820080AF5D /* Release */,
			);
			defaultConfigurationIsVisible = 0;
			defaultConfigurationName = Release;
		};
/* End XCConfigurationList section */

/* Begin XCVersionGroup section */
		5DC5CF1B23CBBA7F0080AF5D /* Notizbuch.xcdatamodeld */ = {
			isa = XCVersionGroup;
			children = (
				5DC5CF1C23CBBA7F0080AF5D /* Notizbuch.xcdatamodel */,
			);
			currentVersion = 5DC5CF1C23CBBA7F0080AF5D /* Notizbuch.xcdatamodel */;
			path = Notizbuch.xcdatamodeld;
			sourceTree = "<group>";
			versionGroupType = wrapper.xcdatamodel;
		};
/* End XCVersionGroup section */
	};
	rootObject = 5DC5CF0723CBBA7F0080AF5D /* Project object */;
}
